<?xml version="1.0" encoding="UTF-8" standalone="yes" ?>
<CodeBlocks_project_file>
	<FileVersion major="1" minor="6" />
	<Project>
		<Option title="Editor 3D" />
		<Option pch_mode="2" />
		<Option compiler="gcc" />
		<Build>
			<Target title="Debug">
				<Option output="bin/Debug/Editor 3D" prefix_auto="1" extension_auto="1" />
				<Option object_output="obj/Debug/" />
				<Option type="1" />
				<Option compiler="gcc" />
				<Compiler>
					<Add option="-g" />
				</Compiler>
				<Linker>
					<Add library="sfml-graphics-d" />
					<Add library="sfml-window-d" />
					<Add library="sfml-system-d" />
				</Linker>
			</Target>
			<Target title="Release">
				<Option output="bin/Release/Editor 3D" prefix_auto="1" extension_auto="1" />
				<Option object_output="obj/Release/" />
				<Option type="1" />
				<Option compiler="gcc" />
				<Compiler>
					<Add option="-O2" />
				</Compiler>
				<Linker>
					<Add option="-s" />
					<Add library="sfml-graphics" />
					<Add library="sfml-window" />
					<Add library="sfml-system" />
				</Linker>
			</Target>
		</Build>
		<Compiler>
			<Add option="-Wall" />
			<Add option="-std=c++17" />
			<Add option="-fexceptions" />
			<Add directory="../SFML-3.0.2/include" />
		</Compiler>
		<Linker>
			<Add directory="../SFML-3.0.2/lib" />
		</Linker>
		<Unit filename="camera_controller.cpp" />
		<Unit filename="camera_controller.h" />
		<Unit filename="config.cpp" />
		<Unit filename="config.h" />
		<Unit filename="input_controller.cpp" />
		<Unit filename="input_controller.h" />
		<Unit filename="main.cpp" />
		<Unit filename="matrices.cpp" />
		<Unit filename="matrices.h" />
		<Unit filename="menu.cpp" />
		<Unit filename="menu.h" />
		<Unit filename="mesh.cpp" />
		<Unit filename="mesh.h" />
		<Unit filename="number_reader.cpp" />
		<Unit filename="number_reader.h" />
		<Unit filename="pch.h" />
		<Unit filename="render_controller.cpp" />
		<Unit filename="render_controller.h" />
		<Unit filename="render_view.cpp" />
		<Unit filename="render_view.h" />
		<Unit filename="state.cpp" />
		<Unit filename="state.h" />
		<Unit filename="stringProcessing.cpp" />
		<Unit filename="stringProcessing.h" />
		<Extensions>
			<lib_finder disable_auto="1" />
		</Extensions>
	</Project>
</CodeBlocks_project_file>
